
Microsoft Visual Studio Solution File, Format Version 12.00
# Visual Studio Version 17
VisualStudioVersion = 17.3.32811.315
MinimumVisualStudioVersion = 10.0.40219.1
Project("{8BC9CEB8-8B4A-11D0-8D11-00A0C91BC942}") = "semester project oop", "semester project oop\semester project oop.vcxproj", "{D2BA885B-F13D-47BA-ABF7-E1271415D55D}"
EndProject
Global
	GlobalSection(SolutionConfigurationPlatforms) = preSolution
		Debug|x64 = Debug|x64
		Debug|x86 = Debug|x86
		Release|x64 = Release|x64
		Release|x86 = Release|x86
	EndGlobalSection
	GlobalSection(ProjectConfigurationPlatforms) = postSolution
		{D2BA885B-F13D-47BA-ABF7-E1271415D55D}.Debug|x64.ActiveCfg = Debug|x64
		{D2BA885B-F13D-47BA-ABF7-E1271415D55D}.Debug|x64.Build.0 = Debug|x64
		{D2BA885B-F13D-47BA-ABF7-E1271415D55D}.Debug|x86.ActiveCfg = Debug|Win32
		{D2BA885B-F13D-47BA-ABF7-E1271415D55D}.Debug|x86.Build.0 = Debug|Win32
		{D2BA885B-F13D-47BA-ABF7-E1271415D55D}.Release|x64.ActiveCfg = Release|x64
		{D2BA885B-F13D-47BA-ABF7-E1271415D55D}.Release|x64.Build.0 = Release|x64
		{D2BA885B-F13D-47BA-ABF7-E1271415D55D}.Release|x86.ActiveCfg = Release|Win32
		{D2BA885B-F13D-47BA-ABF7-E1271415D55D}.Release|x86.Build.0 = Release|Win32
	EndGlobalSection
	GlobalSection(SolutionProperties) = preSolution
		HideSolutionNode = FALSE
	EndGlobalSection
	GlobalSection(ExtensibilityGlobals) = postSolution
		SolutionGuid = {1BCC980C-AD4F-424A-8608-4EEB40A835C6}
	EndGlobalSection
EndGlobal
